
Microsoft Visual Studio Solution File, Format Version 12.00
# Visual Studio Version 17
VisualStudioVersion = 17.5.33530.505
MinimumVisualStudioVersion = 10.0.40219.1
Project("{FAE04EC0-301F-11D3-BF4B-00C04F79EFBC}") = "NoLocks", "NoLocks.csproj", "{6308A6AA-677A-48BE-9F48-0EAC61B3B8FA}"
EndProject
Global
	GlobalSection(SolutionConfigurationPlatforms) = preSolution
		Debug|Any CPU = Debug|Any CPU
		Release|Any CPU = Release|Any CPU
	EndGlobalSection
	GlobalSection(ProjectConfigurationPlatforms) = postSolution
		{6308A6AA-677A-48BE-9F48-0EAC61B3B8FA}.Debug|Any CPU.ActiveCfg = Debug|Any CPU
		{6308A6AA-677A-48BE-9F48-0EAC61B3B8FA}.Debug|Any CPU.Build.0 = Debug|Any CPU
		{6308A6AA-677A-48BE-9F48-0EAC61B3B8FA}.Release|Any CPU.ActiveCfg = Release|Any CPU
		{6308A6AA-677A-48BE-9F48-0EAC61B3B8FA}.Release|Any CPU.Build.0 = Release|Any CPU
	EndGlobalSection
	GlobalSection(SolutionProperties) = preSolution
		HideSolutionNode = FALSE
	EndGlobalSection
	GlobalSection(ExtensibilityGlobals) = postSolution
		SolutionGuid = {9CC13019-9803-4319-8B16-42AB1391865C}
	EndGlobalSection
EndGlobal
